
Microsoft Visual Studio Solution File, Format Version 12.00
# Visual Studio Version 17
VisualStudioVersion = 17.4.33122.133
MinimumVisualStudioVersion = 10.0.40219.1
Project("{9A19103F-16F7-4668-BE54-9A1E7A4F7556}") = "EmployeeWage", "EmployeeWage.csproj", "{9F3E7B1F-024F-488D-9CC2-DEEEFDD552D8}"
EndProject
Global
	GlobalSection(SolutionConfigurationPlatforms) = preSolution
		Debug|Any CPU = Debug|Any CPU
		Release|Any CPU = Release|Any CPU
	EndGlobalSection
	GlobalSection(ProjectConfigurationPlatforms) = postSolution
		{9F3E7B1F-024F-488D-9CC2-DEEEFDD552D8}.Debug|Any CPU.ActiveCfg = Debug|Any CPU
		{9F3E7B1F-024F-488D-9CC2-DEEEFDD552D8}.Debug|Any CPU.Build.0 = Debug|Any CPU
		{9F3E7B1F-024F-488D-9CC2-DEEEFDD552D8}.Release|Any CPU.ActiveCfg = Release|Any CPU
		{9F3E7B1F-024F-488D-9CC2-DEEEFDD552D8}.Release|Any CPU.Build.0 = Release|Any CPU
	EndGlobalSection
	GlobalSection(SolutionProperties) = preSolution
		HideSolutionNode = FALSE
	EndGlobalSection
	GlobalSection(ExtensibilityGlobals) = postSolution
		SolutionGuid = {207D918A-4B65-4BCC-94A2-FD8A1D8BF255}
	EndGlobalSection
EndGlobal
